{
    "name": "@raya_rest_remaster/layers-domain",
    "lockfileVersion": 2,
    "requires": true,
    "packages": {
        "": {
            "name": "@raya_rest_remaster/layers-domain",
            "license": "ISC",
            "dependencies": {
                "fastest-validator": "^1.11.1"
            }
        },
        "node_modules/fastest-validator": {
            "version": "1.11.1",
            "resolved": "https://registry.npmjs.org/fastest-validator/-/fastest-validator-1.11.1.tgz",
            "integrity": "sha512-y0pXBCgGfY3mqbBL9sn2LtAxfJICyOr5cuOnCjyiKg4VoXVmDaLBDwnnj4QC1pSY5B4upln5k8RyLszlLXzXlw=="
        }
    },
    "dependencies": {
        "fastest-validator": {
            "version": "1.11.1",
            "resolved": "https://registry.npmjs.org/fastest-validator/-/fastest-validator-1.11.1.tgz",
            "integrity": "sha512-y0pXBCgGfY3mqbBL9sn2LtAxfJICyOr5cuOnCjyiKg4VoXVmDaLBDwnnj4QC1pSY5B4upln5k8RyLszlLXzXlw=="
        }
    }
}
